
Microsoft Visual Studio Solution File, Format Version 12.00
# Visual Studio Version 17
VisualStudioVersion = 17.0.31903.59
MinimumVisualStudioVersion = 10.0.40219.1
Project("{9A19103F-16F7-4668-BE54-9A1E7A4F7556}") = "Confab.Bootstrapper", "src\Bootstrapper\Confab.Bootstrapper\Confab.Bootstrapper.csproj", "{6E7D034B-0F40-4EAE-A6D7-3AF95151814E}"
EndProject
Project("{2150E333-8FDC-42A3-9474-1A3956D46DE8}") = "src", "src", "{E727C654-5645-4898-B1B5-1FE08C08C432}"
EndProject
Project("{2150E333-8FDC-42A3-9474-1A3956D46DE8}") = "Bootstrapper", "Bootstrapper", "{76758316-589E-4C2E-819A-18CBCA4A5F82}"
EndProject
Project("{2150E333-8FDC-42A3-9474-1A3956D46DE8}") = "Modules", "Modules", "{FEC6DA7E-91AF-4041-82BD-E948579A1015}"
EndProject
Project("{2150E333-8FDC-42A3-9474-1A3956D46DE8}") = "Shared", "Shared", "{A36AFD6C-7798-4A22-8851-4BFBA1EE9F29}"
EndProject
Project("{2150E333-8FDC-42A3-9474-1A3956D46DE8}") = "tests", "tests", "{D90D236D-BF74-4CD6-B32A-40EA7F132E1F}"
EndProject
Project("{9A19103F-16F7-4668-BE54-9A1E7A4F7556}") = "Confab.Shared.Abstractions", "src\Shared\Confab.Shared.Abstractions\Confab.Shared.Abstractions.csproj", "{1F927560-B47E-4062-A009-512F1EE1F907}"
EndProject
Project("{9A19103F-16F7-4668-BE54-9A1E7A4F7556}") = "Confab.Shared.Infrastructure", "src\Shared\Confab.Shared.Infrastructure\Confab.Shared.Infrastructure.csproj", "{EA917D64-62AD-40D9-9DB9-EFE4725F996A}"
EndProject
Project("{2150E333-8FDC-42A3-9474-1A3956D46DE8}") = "Conferences", "Conferences", "{8B25C89A-1457-48BA-8222-BBD4B6F5E586}"
EndProject
Project("{9A19103F-16F7-4668-BE54-9A1E7A4F7556}") = "Confab.Modules.Conferences.Api", "src\Modules\Conferences\Confab.Modules.Conferences.Api\Confab.Modules.Conferences.Api.csproj", "{A1FD6EA2-A9D3-4C5E-94C0-5B237ABE7C18}"
EndProject
Project("{9A19103F-16F7-4668-BE54-9A1E7A4F7556}") = "Confab.Modules.Conferences.Core", "src\Modules\Conferences\Confab.Modules.Conferences.Core\Confab.Modules.Conferences.Core.csproj", "{5DC583FB-AAD1-421E-BB33-4A02E506FE7B}"
EndProject
Project("{2150E333-8FDC-42A3-9474-1A3956D46DE8}") = "Speakers", "Speakers", "{7A743170-7455-49CD-9FD3-AAB011C5E395}"
EndProject
Project("{9A19103F-16F7-4668-BE54-9A1E7A4F7556}") = "Confab.Modules.Speakers.Api", "src\Modules\Speakers\Confab.Modules.Speakers.Api\Confab.Modules.Speakers.Api.csproj", "{D42C16BD-C426-4B44-85E9-0B6F8244E88D}"
EndProject
Project("{9A19103F-16F7-4668-BE54-9A1E7A4F7556}") = "Confab.Modules.Speakers.Core", "src\Modules\Speakers\Confab.Modules.Speakers.Core\Confab.Modules.Speakers.Core.csproj", "{371AE66C-D6B9-441F-A51C-4D2C59369156}"
EndProject
Project("{2150E333-8FDC-42A3-9474-1A3956D46DE8}") = "Users", "Users", "{68562BA9-8ED6-4019-8D70-3FEB0E92E3D0}"
EndProject
Project("{9A19103F-16F7-4668-BE54-9A1E7A4F7556}") = "Confab.Modules.Users.Api", "src\Modules\Users\Confab.Modules.Users.Api\Confab.Modules.Users.Api.csproj", "{F55B5284-3C53-45AC-AD59-4E54676DB4ED}"
EndProject
Project("{9A19103F-16F7-4668-BE54-9A1E7A4F7556}") = "Confab.Modules.Users.Core", "src\Modules\Users\Confab.Modules.Users.Core\Confab.Modules.Users.Core.csproj", "{458378C1-1620-476C-9955-942C22F8A58E}"
EndProject
Project("{2150E333-8FDC-42A3-9474-1A3956D46DE8}") = "Tickets", "Tickets", "{6292ED97-0CD7-4615-8DB7-66455C53FD9A}"
EndProject
Project("{FAE04EC0-301F-11D3-BF4B-00C04F79EFBC}") = "Confab.Modules.Tickets.Api", "src\Modules\Tickets\Confab.Modules.Tickets.Api\Confab.Modules.Tickets.Api.csproj", "{5344A33E-7448-4E27-8D0E-278E744D9E7D}"
EndProject
Project("{FAE04EC0-301F-11D3-BF4B-00C04F79EFBC}") = "Confab.Modules.Tickets.Core", "src\Modules\Tickets\Confab.Modules.Tickets.Core\Confab.Modules.Tickets.Core.csproj", "{266703F9-99A3-4F11-9DDD-3DF61C5C9EC8}"
EndProject
Global
	GlobalSection(SolutionConfigurationPlatforms) = preSolution
		Debug|Any CPU = Debug|Any CPU
		Release|Any CPU = Release|Any CPU
	EndGlobalSection
	GlobalSection(ProjectConfigurationPlatforms) = postSolution
		{6E7D034B-0F40-4EAE-A6D7-3AF95151814E}.Debug|Any CPU.ActiveCfg = Debug|Any CPU
		{6E7D034B-0F40-4EAE-A6D7-3AF95151814E}.Debug|Any CPU.Build.0 = Debug|Any CPU
		{6E7D034B-0F40-4EAE-A6D7-3AF95151814E}.Release|Any CPU.ActiveCfg = Release|Any CPU
		{6E7D034B-0F40-4EAE-A6D7-3AF95151814E}.Release|Any CPU.Build.0 = Release|Any CPU
		{1F927560-B47E-4062-A009-512F1EE1F907}.Debug|Any CPU.ActiveCfg = Debug|Any CPU
		{1F927560-B47E-4062-A009-512F1EE1F907}.Debug|Any CPU.Build.0 = Debug|Any CPU
		{1F927560-B47E-4062-A009-512F1EE1F907}.Release|Any CPU.ActiveCfg = Release|Any CPU
		{1F927560-B47E-4062-A009-512F1EE1F907}.Release|Any CPU.Build.0 = Release|Any CPU
		{EA917D64-62AD-40D9-9DB9-EFE4725F996A}.Debug|Any CPU.ActiveCfg = Debug|Any CPU
		{EA917D64-62AD-40D9-9DB9-EFE4725F996A}.Debug|Any CPU.Build.0 = Debug|Any CPU
		{EA917D64-62AD-40D9-9DB9-EFE4725F996A}.Release|Any CPU.ActiveCfg = Release|Any CPU
		{EA917D64-62AD-40D9-9DB9-EFE4725F996A}.Release|Any CPU.Build.0 = Release|Any CPU
		{A1FD6EA2-A9D3-4C5E-94C0-5B237ABE7C18}.Debug|Any CPU.ActiveCfg = Debug|Any CPU
		{A1FD6EA2-A9D3-4C5E-94C0-5B237ABE7C18}.Debug|Any CPU.Build.0 = Debug|Any CPU
		{A1FD6EA2-A9D3-4C5E-94C0-5B237ABE7C18}.Release|Any CPU.ActiveCfg = Release|Any CPU
		{A1FD6EA2-A9D3-4C5E-94C0-5B237ABE7C18}.Release|Any CPU.Build.0 = Release|Any CPU
		{5DC583FB-AAD1-421E-BB33-4A02E506FE7B}.Debug|Any CPU.ActiveCfg = Debug|Any CPU
		{5DC583FB-AAD1-421E-BB33-4A02E506FE7B}.Debug|Any CPU.Build.0 = Debug|Any CPU
		{5DC583FB-AAD1-421E-BB33-4A02E506FE7B}.Release|Any CPU.ActiveCfg = Release|Any CPU
		{5DC583FB-AAD1-421E-BB33-4A02E506FE7B}.Release|Any CPU.Build.0 = Release|Any CPU
		{D42C16BD-C426-4B44-85E9-0B6F8244E88D}.Debug|Any CPU.ActiveCfg = Debug|Any CPU
		{D42C16BD-C426-4B44-85E9-0B6F8244E88D}.Debug|Any CPU.Build.0 = Debug|Any CPU
		{D42C16BD-C426-4B44-85E9-0B6F8244E88D}.Release|Any CPU.ActiveCfg = Release|Any CPU
		{D42C16BD-C426-4B44-85E9-0B6F8244E88D}.Release|Any CPU.Build.0 = Release|Any CPU
		{371AE66C-D6B9-441F-A51C-4D2C59369156}.Debug|Any CPU.ActiveCfg = Debug|Any CPU
		{371AE66C-D6B9-441F-A51C-4D2C59369156}.Debug|Any CPU.Build.0 = Debug|Any CPU
		{371AE66C-D6B9-441F-A51C-4D2C59369156}.Release|Any CPU.ActiveCfg = Release|Any CPU
		{371AE66C-D6B9-441F-A51C-4D2C59369156}.Release|Any CPU.Build.0 = Release|Any CPU
		{F55B5284-3C53-45AC-AD59-4E54676DB4ED}.Debug|Any CPU.ActiveCfg = Debug|Any CPU
		{F55B5284-3C53-45AC-AD59-4E54676DB4ED}.Debug|Any CPU.Build.0 = Debug|Any CPU
		{F55B5284-3C53-45AC-AD59-4E54676DB4ED}.Release|Any CPU.ActiveCfg = Release|Any CPU
		{F55B5284-3C53-45AC-AD59-4E54676DB4ED}.Release|Any CPU.Build.0 = Release|Any CPU
		{458378C1-1620-476C-9955-942C22F8A58E}.Debug|Any CPU.ActiveCfg = Debug|Any CPU
		{458378C1-1620-476C-9955-942C22F8A58E}.Debug|Any CPU.Build.0 = Debug|Any CPU
		{458378C1-1620-476C-9955-942C22F8A58E}.Release|Any CPU.ActiveCfg = Release|Any CPU
		{458378C1-1620-476C-9955-942C22F8A58E}.Release|Any CPU.Build.0 = Release|Any CPU
		{5344A33E-7448-4E27-8D0E-278E744D9E7D}.Debug|Any CPU.ActiveCfg = Debug|Any CPU
		{5344A33E-7448-4E27-8D0E-278E744D9E7D}.Debug|Any CPU.Build.0 = Debug|Any CPU
		{5344A33E-7448-4E27-8D0E-278E744D9E7D}.Release|Any CPU.ActiveCfg = Release|Any CPU
		{5344A33E-7448-4E27-8D0E-278E744D9E7D}.Release|Any CPU.Build.0 = Release|Any CPU
		{266703F9-99A3-4F11-9DDD-3DF61C5C9EC8}.Debug|Any CPU.ActiveCfg = Debug|Any CPU
		{266703F9-99A3-4F11-9DDD-3DF61C5C9EC8}.Debug|Any CPU.Build.0 = Debug|Any CPU
		{266703F9-99A3-4F11-9DDD-3DF61C5C9EC8}.Release|Any CPU.ActiveCfg = Release|Any CPU
		{266703F9-99A3-4F11-9DDD-3DF61C5C9EC8}.Release|Any CPU.Build.0 = Release|Any CPU
	EndGlobalSection
	GlobalSection(SolutionProperties) = preSolution
		HideSolutionNode = FALSE
	EndGlobalSection
	GlobalSection(NestedProjects) = preSolution
		{6E7D034B-0F40-4EAE-A6D7-3AF95151814E} = {76758316-589E-4C2E-819A-18CBCA4A5F82}
		{76758316-589E-4C2E-819A-18CBCA4A5F82} = {E727C654-5645-4898-B1B5-1FE08C08C432}
		{FEC6DA7E-91AF-4041-82BD-E948579A1015} = {E727C654-5645-4898-B1B5-1FE08C08C432}
		{A36AFD6C-7798-4A22-8851-4BFBA1EE9F29} = {E727C654-5645-4898-B1B5-1FE08C08C432}
		{1F927560-B47E-4062-A009-512F1EE1F907} = {A36AFD6C-7798-4A22-8851-4BFBA1EE9F29}
		{EA917D64-62AD-40D9-9DB9-EFE4725F996A} = {A36AFD6C-7798-4A22-8851-4BFBA1EE9F29}
		{8B25C89A-1457-48BA-8222-BBD4B6F5E586} = {FEC6DA7E-91AF-4041-82BD-E948579A1015}
		{A1FD6EA2-A9D3-4C5E-94C0-5B237ABE7C18} = {8B25C89A-1457-48BA-8222-BBD4B6F5E586}
		{5DC583FB-AAD1-421E-BB33-4A02E506FE7B} = {8B25C89A-1457-48BA-8222-BBD4B6F5E586}
		{7A743170-7455-49CD-9FD3-AAB011C5E395} = {FEC6DA7E-91AF-4041-82BD-E948579A1015}
		{D42C16BD-C426-4B44-85E9-0B6F8244E88D} = {7A743170-7455-49CD-9FD3-AAB011C5E395}
		{371AE66C-D6B9-441F-A51C-4D2C59369156} = {7A743170-7455-49CD-9FD3-AAB011C5E395}
		{68562BA9-8ED6-4019-8D70-3FEB0E92E3D0} = {FEC6DA7E-91AF-4041-82BD-E948579A1015}
		{F55B5284-3C53-45AC-AD59-4E54676DB4ED} = {68562BA9-8ED6-4019-8D70-3FEB0E92E3D0}
		{458378C1-1620-476C-9955-942C22F8A58E} = {68562BA9-8ED6-4019-8D70-3FEB0E92E3D0}
		{6292ED97-0CD7-4615-8DB7-66455C53FD9A} = {FEC6DA7E-91AF-4041-82BD-E948579A1015}
		{5344A33E-7448-4E27-8D0E-278E744D9E7D} = {6292ED97-0CD7-4615-8DB7-66455C53FD9A}
		{266703F9-99A3-4F11-9DDD-3DF61C5C9EC8} = {6292ED97-0CD7-4615-8DB7-66455C53FD9A}
	EndGlobalSection
	GlobalSection(ExtensibilityGlobals) = postSolution
		SolutionGuid = {B31E43A7-6BF6-43EF-AD72-347D9FB915F3}
	EndGlobalSection
EndGlobal
